
Microsoft Visual Studio Solution File, Format Version 12.00
# Visual Studio Version 17
VisualStudioVersion = 17.3.32804.467
MinimumVisualStudioVersion = 10.0.40219.1
Project("{FAE04EC0-301F-11D3-BF4B-00C04F79EFBC}") = "MovieAppAPI", "MovieAppAPI.csproj", "{9A00360A-915E-4AEB-AE22-3942281162A9}"
EndProject
Project("{00D1A9C2-B5F0-4AF3-8072-F6C62B433612}") = "MovieAzDb", "..\MovieAzDb\MovieAzDb.sqlproj", "{EF2FBF35-3EF0-4535-B6FB-133C4569D746}"
EndProject
Project("{FAE04EC0-301F-11D3-BF4B-00C04F79EFBC}") = "AzDataAccess", "..\AzDataAccess\AzDataAccess.csproj", "{133B6667-EF84-451E-BF76-25A1A1D1CEBA}"
EndProject
Global
	GlobalSection(SolutionConfigurationPlatforms) = preSolution
		Debug|Any CPU = Debug|Any CPU
		Release|Any CPU = Release|Any CPU
	EndGlobalSection
	GlobalSection(ProjectConfigurationPlatforms) = postSolution
		{9A00360A-915E-4AEB-AE22-3942281162A9}.Debug|Any CPU.ActiveCfg = Debug|Any CPU
		{9A00360A-915E-4AEB-AE22-3942281162A9}.Debug|Any CPU.Build.0 = Debug|Any CPU
		{9A00360A-915E-4AEB-AE22-3942281162A9}.Release|Any CPU.ActiveCfg = Release|Any CPU
		{9A00360A-915E-4AEB-AE22-3942281162A9}.Release|Any CPU.Build.0 = Release|Any CPU
		{EF2FBF35-3EF0-4535-B6FB-133C4569D746}.Debug|Any CPU.ActiveCfg = Debug|Any CPU
		{EF2FBF35-3EF0-4535-B6FB-133C4569D746}.Debug|Any CPU.Build.0 = Debug|Any CPU
		{EF2FBF35-3EF0-4535-B6FB-133C4569D746}.Debug|Any CPU.Deploy.0 = Debug|Any CPU
		{EF2FBF35-3EF0-4535-B6FB-133C4569D746}.Release|Any CPU.ActiveCfg = Release|Any CPU
		{EF2FBF35-3EF0-4535-B6FB-133C4569D746}.Release|Any CPU.Build.0 = Release|Any CPU
		{EF2FBF35-3EF0-4535-B6FB-133C4569D746}.Release|Any CPU.Deploy.0 = Release|Any CPU
		{133B6667-EF84-451E-BF76-25A1A1D1CEBA}.Debug|Any CPU.ActiveCfg = Debug|Any CPU
		{133B6667-EF84-451E-BF76-25A1A1D1CEBA}.Debug|Any CPU.Build.0 = Debug|Any CPU
		{133B6667-EF84-451E-BF76-25A1A1D1CEBA}.Release|Any CPU.ActiveCfg = Release|Any CPU
		{133B6667-EF84-451E-BF76-25A1A1D1CEBA}.Release|Any CPU.Build.0 = Release|Any CPU
	EndGlobalSection
	GlobalSection(SolutionProperties) = preSolution
		HideSolutionNode = FALSE
	EndGlobalSection
	GlobalSection(ExtensibilityGlobals) = postSolution
		SolutionGuid = {188807E0-A7CA-4877-A36C-AFF9BBCB9217}
	EndGlobalSection
EndGlobal
